// !$*UTF8*$!
{
	archiveVersion = 1;
	classes = {
	};
	objectVersion = 48;
	objects = {

/* Begin PBXBuildFile section */
		C32A2C9B205E080C00AD9997 /* AppDelegate.swift in Sources */ = {isa = PBXBuildFile; fileRef = C32A2C9A205E080C00AD9997 /* AppDelegate.swift */; };
		C32A2C9D205E080C00AD9997 /* ViewController.swift in Sources */ = {isa = PBXBuildFile; fileRef = C32A2C9C205E080C00AD9997 /* ViewController.swift */; };
		C32A2CA0205E080C00AD9997 /* Main.storyboard in Resources */ = {isa = PBXBuildFile; fileRef = C32A2C9E205E080C00AD9997 /* Main.storyboard */; };
		C32A2CA2205E080C00AD9997 /* Assets.xcassets in Resources */ = {isa = PBXBuildFile; fileRef = C32A2CA1205E080C00AD9997 /* Assets.xcassets */; };
		C32A2CA5205E080C00AD9997 /* LaunchScreen.storyboard in Resources */ = {isa = PBXBuildFile; fileRef = C32A2CA3205E080C00AD9997 /* LaunchScreen.storyboard */; };
		C32A2CB0205E080C00AD9997 /* SuperCoolTests.swift in Sources */ = {isa = PBXBuildFile; fileRef = C32A2CAF205E080C00AD9997 /* SuperCoolTests.swift */; };
		C32A2CBB205E080C00AD9997 /* SuperCoolUITests.swift in Sources */ = {isa = PBXBuildFile; fileRef = C32A2CBA205E080C00AD9997 /* SuperCoolUITests.swift */; };
/* End PBXBuildFile section */

/* Begin PBXContainerItemProxy section */
		C32A2CAC205E080C00AD9997 /* PBXContainerItemProxy */ = {
			isa = PBXContainerItemProxy;
			containerPortal = C32A2C8F205E080B00AD9997 /* Project object */;
			proxyType = 1;
			remoteGlobalIDString = C32A2C96205E080B00AD9997;
			remoteInfo = SuperCool;
		};
		C32A2CB7205E080C00AD9997 /* PBXContainerItemProxy */ = {
			isa = PBXContainerItemProxy;
			containerPortal = C32A2C8F205E080B00AD9997 /* Project object */;
			proxyType = 1;
			remoteGlobalIDString = C32A2C96205E080B00AD9997;
			remoteInfo = SuperCool;
		};
/* End PBXContainerItemProxy section */

/* Begin PBXFileReference section */
		C32A2C97205E080C00AD9997 /* SuperCool.app */ = {isa = PBXFileReference; explicitFileType = wrapper.application; includeInIndex = 0; path = SuperCool.app; sourceTree = BUILT_PRODUCTS_DIR; };
		C32A2C9A205E080C00AD9997 /* AppDelegate.swift */ = {isa = PBXFileReference; lastKnownFileType = sourcecode.swift; path = AppDelegate.swift; sourceTree = "<group>"; };
		C32A2C9C205E080C00AD9997 /* ViewController.swift */ = {isa = PBXFileReference; lastKnownFileType = sourcecode.swift; path = ViewController.swift; sourceTree = "<group>"; };
		C32A2C9F205E080C00AD9997 /* Base */ = {isa = PBXFileReference; lastKnownFileType = file.storyboard; name = Base; path = Base.lproj/Main.storyboard; sourceTree = "<group>"; };
		C32A2CA1205E080C00AD9997 /* Assets.xcassets */ = {isa = PBXFileReference; lastKnownFileType = folder.assetcatalog; path = Assets.xcassets; sourceTree = "<group>"; };
		C32A2CA4205E080C00AD9997 /* Base */ = {isa = PBXFileReference; lastKnownFileType = file.storyboard; name = Base; path = Base.lproj/LaunchScreen.storyboard; sourceTree = "<group>"; };
		C32A2CA6205E080C00AD9997 /* Info.plist */ = {isa = PBXFileReference; lastKnownFileType = text.plist.xml; path = Info.plist; sourceTree = "<group>"; };
		C32A2CAB205E080C00AD9997 /* SuperCoolTests.xctest */ = {isa = PBXFileReference; explicitFileType = wrapper.cfbundle; includeInIndex = 0; path = SuperCoolTests.xctest; sourceTree = BUILT_PRODUCTS_DIR; };
		C32A2CAF205E080C00AD9997 /* SuperCoolTests.swift */ = {isa = PBXFileReference; lastKnownFileType = sourcecode.swift; path = SuperCoolTests.swift; sourceTree = "<group>"; };
		C32A2CB1205E080C00AD9997 /* Info.plist */ = {isa = PBXFileReference; lastKnownFileType = text.plist.xml; path = Info.plist; sourceTree = "<group>"; };
		C32A2CB6205E080C00AD9997 /* SuperCoolUITests.xctest */ = {isa = PBXFileReference; explicitFileType = wrapper.cfbundle; includeInIndex = 0; path = SuperCoolUITests.xctest; sourceTree = BUILT_PRODUCTS_DIR; };
		C32A2CBA205E080C00AD9997 /* SuperCoolUITests.swift */ = {isa = PBXFileReference; lastKnownFileType = sourcecode.swift; path = SuperCoolUITests.swift; sourceTree = "<group>"; };
		C32A2CBC205E080C00AD9997 /* Info.plist */ = {isa = PBXFileReference; lastKnownFileType = text.plist.xml; path = Info.plist; sourceTree = "<group>"; };
/* End PBXFileReference section */

/* Begin PBXFrameworksBuildPhase section */
		C32A2C94205E080B00AD9997 /* Frameworks */ = {
			isa = PBXFrameworksBuildPhase;
			buildActionMask = 2147483647;
			files = (
			);
			runOnlyForDeploymentPostprocessing = 0;
		};
		C32A2CA8205E080C00AD9997 /* Frameworks */ = {
			isa = PBXFrameworksBuildPhase;
			buildActionMask = 2147483647;
			files = (
			);
			runOnlyForDeploymentPostprocessing = 0;
		};
		C32A2CB3205E080C00AD9997 /* Frameworks */ = {
			isa = PBXFrameworksBuildPhase;
			buildActionMask = 2147483647;
			files = (
			);
			runOnlyForDeploymentPostprocessing = 0;
		};
/* End PBXFrameworksBuildPhase section */

/* Begin PBXGroup section */
		C32A2C8E205E080B00AD9997 = {
			isa = PBXGroup;
			children = (
				C32A2C99205E080C00AD9997 /* SuperCool */,
				C32A2CAE205E080C00AD9997 /* SuperCoolTests */,
				C32A2CB9205E080C00AD9997 /* SuperCoolUITests */,
				C32A2C98205E080C00AD9997 /* Products */,
			);
			sourceTree = "<group>";
		};
		C32A2C98205E080C00AD9997 /* Products */ = {
			isa = PBXGroup;
			children = (
				C32A2C97205E080C00AD9997 /* SuperCool.app */,
				C32A2CAB205E080C00AD9997 /* SuperCoolTests.xctest */,
				C32A2CB6205E080C00AD9997 /* SuperCoolUITests.xctest */,
			);
			name = Products;
			sourceTree = "<group>";
		};
		C32A2C99205E080C00AD9997 /* SuperCool */ = {
			isa = PBXGroup;
			children = (
				C32A2C9A205E080C00AD9997 /* AppDelegate.swift */,
				C32A2C9C205E080C00AD9997 /* ViewController.swift */,
				C32A2C9E205E080C00AD9997 /* Main.storyboard */,
				C32A2CA1205E080C00AD9997 /* Assets.xcassets */,
				C32A2CA3205E080C00AD9997 /* LaunchScreen.storyboard */,
				C32A2CA6205E080C00AD9997 /* Info.plist */,
			);
			path = SuperCool;
			sourceTree = "<group>";
		};
		C32A2CAE205E080C00AD9997 /* SuperCoolTests */ = {
			isa = PBXGroup;
			children = (
				C32A2CAF205E080C00AD9997 /* SuperCoolTests.swift */,
				C32A2CB1205E080C00AD9997 /* Info.plist */,
			);
			path = SuperCoolTests;
			sourceTree = "<group>";
		};
		C32A2CB9205E080C00AD9997 /* SuperCoolUITests */ = {
			isa = PBXGroup;
			children = (
				C32A2CBA205E080C00AD9997 /* SuperCoolUITests.swift */,
				C32A2CBC205E080C00AD9997 /* Info.plist */,
			);
			path = SuperCoolUITests;
			sourceTree = "<group>";
		};
/* End PBXGroup section */

/* Begin PBXNativeTarget section */
		C32A2C96205E080B00AD9997 /* SuperCool */ = {
			isa = PBXNativeTarget;
			buildConfigurationList = C32A2CBF205E080C00AD9997 /* Build configuration list for PBXNativeTarget "SuperCool" */;
			buildPhases = (
				C32A2C93205E080B00AD9997 /* Sources */,
				C32A2C94205E080B00AD9997 /* Frameworks */,
				C32A2C95205E080B00AD9997 /* Resources */,
			);
			buildRules = (
			);
			dependencies = (
			);
			name = SuperCool;
			productName = SuperCool;
			productReference = C32A2C97205E080C00AD9997 /* SuperCool.app */;
			productType = "com.apple.product-type.application";
		};
		C32A2CAA205E080C00AD9997 /* SuperCoolTests */ = {
			isa = PBXNativeTarget;
			buildConfigurationList = C32A2CC2205E080C00AD9997 /* Build configuration list for PBXNativeTarget "SuperCoolTests" */;
			buildPhases = (
				C32A2CA7205E080C00AD9997 /* Sources */,
				C32A2CA8205E080C00AD9997 /* Frameworks */,
				C32A2CA9205E080C00AD9997 /* Resources */,
			);
			buildRules = (
			);
			dependencies = (
				C32A2CAD205E080C00AD9997 /* PBXTargetDependency */,
			);
			name = SuperCoolTests;
			productName = SuperCoolTests;
			productReference = C32A2CAB205E080C00AD9997 /* SuperCoolTests.xctest */;
			productType = "com.apple.product-type.bundle.unit-test";
		};
		C32A2CB5205E080C00AD9997 /* SuperCoolUITests */ = {
			isa = PBXNativeTarget;
			buildConfigurationList = C32A2CC5205E080C00AD9997 /* Build configuration list for PBXNativeTarget "SuperCoolUITests" */;
			buildPhases = (
				C32A2CB2205E080C00AD9997 /* Sources */,
				C32A2CB3205E080C00AD9997 /* Frameworks */,
				C32A2CB4205E080C00AD9997 /* Resources */,
			);
			buildRules = (
			);
			dependencies = (
				C32A2CB8205E080C00AD9997 /* PBXTargetDependency */,
			);
			name = SuperCoolUITests;
			productName = SuperCoolUITests;
			productReference = C32A2CB6205E080C00AD9997 /* SuperCoolUITests.xctest */;
			productType = "com.apple.product-type.bundle.ui-testing";
		};
/* End PBXNativeTarget section */

/* Begin PBXProject section */
		C32A2C8F205E080B00AD9997 /* Project object */ = {
			isa = PBXProject;
			attributes = {
				LastSwiftUpdateCheck = 0920;
				LastUpgradeCheck = 0920;
				ORGANIZATIONNAME = "Tanner Smith";
				TargetAttributes = {
					C32A2C96205E080B00AD9997 = {
						CreatedOnToolsVersion = 9.2;
						ProvisioningStyle = Automatic;
					};
					C32A2CAA205E080C00AD9997 = {
						CreatedOnToolsVersion = 9.2;
						ProvisioningStyle = Automatic;
						TestTargetID = C32A2C96205E080B00AD9997;
					};
					C32A2CB5205E080C00AD9997 = {
						CreatedOnToolsVersion = 9.2;
						ProvisioningStyle = Automatic;
						TestTargetID = C32A2C96205E080B00AD9997;
					};
				};
			};
			buildConfigurationList = C32A2C92205E080B00AD9997 /* Build configuration list for PBXProject "SuperCool" */;
			compatibilityVersion = "Xcode 8.0";
			developmentRegion = en;
			hasScannedForEncodings = 0;
			knownRegions = (
				en,
				Base,
			);
			mainGroup = C32A2C8E205E080B00AD9997;
			productRefGroup = C32A2C98205E080C00AD9997 /* Products */;
			projectDirPath = "";
			projectRoot = "";
			targets = (
				C32A2C96205E080B00AD9997 /* SuperCool */,
				C32A2CAA205E080C00AD9997 /* SuperCoolTests */,
				C32A2CB5205E080C00AD9997 /* SuperCoolUITests */,
			);
		};
/* End PBXProject section */

/* Begin PBXResourcesBuildPhase section */
		C32A2C95205E080B00AD9997 /* Resources */ = {
			isa = PBXResourcesBuildPhase;
			buildActionMask = 2147483647;
			files = (
				C32A2CA5205E080C00AD9997 /* LaunchScreen.storyboard in Resources */,
				C32A2CA2205E080C00AD9997 /* Assets.xcassets in Resources */,
				C32A2CA0205E080C00AD9997 /* Main.storyboard in Resources */,
			);
			runOnlyForDeploymentPostprocessing = 0;
		};
		C32A2CA9205E080C00AD9997 /* Resources */ = {
			isa = PBXResourcesBuildPhase;
			buildActionMask = 2147483647;
			files = (
			);
			runOnlyForDeploymentPostprocessing = 0;
		};
		C32A2CB4205E080C00AD9997 /* Resources */ = {
			isa = PBXResourcesBuildPhase;
			buildActionMask = 2147483647;
			files = (
			);
			runOnlyForDeploymentPostprocessing = 0;
		};
/* End PBXResourcesBuildPhase section */

/* Begin PBXSourcesBuildPhase section */
		C32A2C93205E080B00AD9997 /* Sources */ = {
			isa = PBXSourcesBuildPhase;
			buildActionMask = 2147483647;
			files = (
				C32A2C9D205E080C00AD9997 /* ViewController.swift in Sources */,
				C32A2C9B205E080C00AD9997 /* AppDelegate.swift in Sources */,
			);
			runOnlyForDeploymentPostprocessing = 0;
		};
		C32A2CA7205E080C00AD9997 /* Sources */ = {
			isa = PBXSourcesBuildPhase;
			buildActionMask = 2147483647;
			files = (
				C32A2CB0205E080C00AD9997 /* SuperCoolTests.swift in Sources */,
			);
			runOnlyForDeploymentPostprocessing = 0;
		};
		C32A2CB2205E080C00AD9997 /* Sources */ = {
			isa = PBXSourcesBuildPhase;
			buildActionMask = 2147483647;
			files = (
				C32A2CBB205E080C00AD9997 /* SuperCoolUITests.swift in Sources */,
			);
			runOnlyForDeploymentPostprocessing = 0;
		};
/* End PBXSourcesBuildPhase section */

/* Begin PBXTargetDependency section */
		C32A2CAD205E080C00AD9997 /* PBXTargetDependency */ = {
			isa = PBXTargetDependency;
			target = C32A2C96205E080B00AD9997 /* SuperCool */;
			targetProxy = C32A2CAC205E080C00AD9997 /* PBXContainerItemProxy */;
		};
		C32A2CB8205E080C00AD9997 /* PBXTargetDependency */ = {
			isa = PBXTargetDependency;
			target = C32A2C96205E080B00AD9997 /* SuperCool */;
			targetProxy = C32A2CB7205E080C00AD9997 /* PBXContainerItemProxy */;
		};
/* End PBXTargetDependency section */

/* Begin PBXVariantGroup section */
		C32A2C9E205E080C00AD9997 /* Main.storyboard */ = {
			isa = PBXVariantGroup;
			children = (
				C32A2C9F205E080C00AD9997 /* Base */,
			);
			name = Main.storyboard;
			sourceTree = "<group>";
		};
		C32A2CA3205E080C00AD9997 /* LaunchScreen.storyboard */ = {
			isa = PBXVariantGroup;
			children = (
				C32A2CA4205E080C00AD9997 /* Base */,
			);
			name = LaunchScreen.storyboard;
			sourceTree = "<group>";
		};
/* End PBXVariantGroup section */

/* Begin XCBuildConfiguration section */
		C32A2CBD205E080C00AD9997 /* Debug */ = {
			isa = XCBuildConfiguration;
			buildSettings = {
				ALWAYS_SEARCH_USER_PATHS = NO;
				CLANG_ANALYZER_NONNULL = YES;
				CLANG_ANALYZER_NUMBER_OBJECT_CONVERSION = YES_AGGRESSIVE;
				CLANG_CXX_LANGUAGE_STANDARD = "gnu++14";
				CLANG_CXX_LIBRARY = "libc++";
				CLANG_ENABLE_MODULES = YES;
				CLANG_ENABLE_OBJC_ARC = YES;
				CLANG_WARN_BLOCK_CAPTURE_AUTORELEASING = YES;
				CLANG_WARN_BOOL_CONVERSION = YES;
				CLANG_WARN_COMMA = YES;
				CLANG_WARN_CONSTANT_CONVERSION = YES;
				CLANG_WARN_DIRECT_OBJC_ISA_USAGE = YES_ERROR;
				CLANG_WARN_DOCUMENTATION_COMMENTS = YES;
				CLANG_WARN_EMPTY_BODY = YES;
				CLANG_WARN_ENUM_CONVERSION = YES;
				CLANG_WARN_INFINITE_RECURSION = YES;
				CLANG_WARN_INT_CONVERSION = YES;
				CLANG_WARN_NON_LITERAL_NULL_CONVERSION = YES;
				CLANG_WARN_OBJC_LITERAL_CONVERSION = YES;
				CLANG_WARN_OBJC_ROOT_CLASS = YES_ERROR;
				CLANG_WARN_RANGE_LOOP_ANALYSIS = YES;
				CLANG_WARN_STRICT_PROTOTYPES = YES;
				CLANG_WARN_SUSPICIOUS_MOVE = YES;
				CLANG_WARN_UNGUARDED_AVAILABILITY = YES_AGGRESSIVE;
				CLANG_WARN_UNREACHABLE_CODE = YES;
				CLANG_WARN__DUPLICATE_METHOD_MATCH = YES;
				CODE_SIGN_IDENTITY = "iPhone Developer";
				COPY_PHASE_STRIP = NO;
				DEBUG_INFORMATION_FORMAT = dwarf;
				ENABLE_STRICT_OBJC_MSGSEND = YES;
				ENABLE_TESTABILITY = YES;
				GCC_C_LANGUAGE_STANDARD = gnu11;
				GCC_DYNAMIC_NO_PIC = NO;
				GCC_NO_COMMON_BLOCKS = YES;
				GCC_OPTIMIZATION_LEVEL = 0;
				GCC_PREPROCESSOR_DEFINITIONS = (
					"DEBUG=1",
					"$(inherited)",
				);
				GCC_WARN_64_TO_32_BIT_CONVERSION = YES;
				GCC_WARN_ABOUT_RETURN_TYPE = YES_ERROR;
				GCC_WARN_UNDECLARED_SELECTOR = YES;
				GCC_WARN_UNINITIALIZED_AUTOS = YES_AGGRESSIVE;
				GCC_WARN_UNUSED_FUNCTION = YES;
				GCC_WARN_UNUSED_VARIABLE = YES;
				IPHONEOS_DEPLOYMENT_TARGET = 11.2;
				MTL_ENABLE_DEBUG_INFO = YES;
				ONLY_ACTIVE_ARCH = YES;
				SDKROOT = iphoneos;
				SWIFT_ACTIVE_COMPILATION_CONDITIONS = DEBUG;
				SWIFT_OPTIMIZATION_LEVEL = "-Onone";
			};
			name = Debug;
		};
		C32A2CBE205E080C00AD9997 /* Release */ = {
			isa = XCBuildConfiguration;
			buildSettings = {
				ALWAYS_SEARCH_USER_PATHS = NO;
				CLANG_ANALYZER_NONNULL = YES;
				CLANG_ANALYZER_NUMBER_OBJECT_CONVERSION = YES_AGGRESSIVE;
				CLANG_CXX_LANGUAGE_STANDARD = "gnu++14";
				CLANG_CXX_LIBRARY = "libc++";
				CLANG_ENABLE_MODULES = YES;
				CLANG_ENABLE_OBJC_ARC = YES;
				CLANG_WARN_BLOCK_CAPTURE_AUTORELEASING = YES;
				CLANG_WARN_BOOL_CONVERSION = YES;
				CLANG_WARN_COMMA = YES;
				CLANG_WARN_CONSTANT_CONVERSION = YES;
				CLANG_WARN_DIRECT_OBJC_ISA_USAGE = YES_ERROR;
				CLANG_WARN_DOCUMENTATION_COMMENTS = YES;
				CLANG_WARN_EMPTY_BODY = YES;
				CLANG_WARN_ENUM_CONVERSION = YES;
				CLANG_WARN_INFINITE_RECURSION = YES;
				CLANG_WARN_INT_CONVERSION = YES;
				CLANG_WARN_NON_LITERAL_NULL_CONVERSION = YES;
				CLANG_WARN_OBJC_LITERAL_CONVERSION = YES;
				CLANG_WARN_OBJC_ROOT_CLASS = YES_ERROR;
				CLANG_WARN_RANGE_LOOP_ANALYSIS = YES;
				CLANG_WARN_STRICT_PROTOTYPES = YES;
				CLANG_WARN_SUSPICIOUS_MOVE = YES;
				CLANG_WARN_UNGUARDED_AVAILABILITY = YES_AGGRESSIVE;
				CLANG_WARN_UNREACHABLE_CODE = YES;
				CLANG_WARN__DUPLICATE_METHOD_MATCH = YES;
				CODE_SIGN_IDENTITY = "iPhone Developer";
				COPY_PHASE_STRIP = NO;
				DEBUG_INFORMATION_FORMAT = "dwarf-with-dsym";
				ENABLE_NS_ASSERTIONS = NO;
				ENABLE_STRICT_OBJC_MSGSEND = YES;
				GCC_C_LANGUAGE_STANDARD = gnu11;
				GCC_NO_COMMON_BLOCKS = YES;
				GCC_WARN_64_TO_32_BIT_CONVERSION = YES;
				GCC_WARN_ABOUT_RETURN_TYPE = YES_ERROR;
				GCC_WARN_UNDECLARED_SELECTOR = YES;
				GCC_WARN_UNINITIALIZED_AUTOS = YES_AGGRESSIVE;
				GCC_WARN_UNUSED_FUNCTION = YES;
				GCC_WARN_UNUSED_VARIABLE = YES;
				IPHONEOS_DEPLOYMENT_TARGET = 11.2;
				MTL_ENABLE_DEBUG_INFO = NO;
				SDKROOT = iphoneos;
				SWIFT_OPTIMIZATION_LEVEL = "-Owholemodule";
				VALIDATE_PRODUCT = YES;
			};
			name = Release;
		};
		C32A2CC0205E080C00AD9997 /* Debug */ = {
			isa = XCBuildConfiguration;
			buildSettings = {
				ASSETCATALOG_COMPILER_APPICON_NAME = AppIcon;
				CODE_SIGN_STYLE = Automatic;
				INFOPLIST_FILE = SuperCool/Info.plist;
				LD_RUNPATH_SEARCH_PATHS = "$(inherited) @executable_path/Frameworks";
				PRODUCT_BUNDLE_IDENTIFIER = Tanner.SuperCool;
				PRODUCT_NAME = "$(TARGET_NAME)";
				SWIFT_VERSION = 4.0;
				TARGETED_DEVICE_FAMILY = 1;
			};
			name = Debug;
		};
		C32A2CC1205E080C00AD9997 /* Release */ = {
			isa = XCBuildConfiguration;
			buildSettings = {
				ASSETCATALOG_COMPILER_APPICON_NAME = AppIcon;
				CODE_SIGN_STYLE = Automatic;
				INFOPLIST_FILE = SuperCool/Info.plist;
				LD_RUNPATH_SEARCH_PATHS = "$(inherited) @executable_path/Frameworks";
				PRODUCT_BUNDLE_IDENTIFIER = Tanner.SuperCool;
				PRODUCT_NAME = "$(TARGET_NAME)";
				SWIFT_VERSION = 4.0;
				TARGETED_DEVICE_FAMILY = 1;
			};
			name = Release;
		};
		C32A2CC3205E080C00AD9997 /* Debug */ = {
			isa = XCBuildConfiguration;
			buildSettings = {
				ALWAYS_EMBED_SWIFT_STANDARD_LIBRARIES = YES;
				BUNDLE_LOADER = "$(TEST_HOST)";
				CODE_SIGN_STYLE = Automatic;
				INFOPLIST_FILE = SuperCoolTests/Info.plist;
				LD_RUNPATH_SEARCH_PATHS = "$(inherited) @executable_path/Frameworks @loader_path/Frameworks";
				PRODUCT_BUNDLE_IDENTIFIER = Tanner.SuperCoolTests;
				PRODUCT_NAME = "$(TARGET_NAME)";
				SWIFT_VERSION = 4.0;
				TARGETED_DEVICE_FAMILY = "1,2";
				TEST_HOST = "$(BUILT_PRODUCTS_DIR)/SuperCool.app/SuperCool";
			};
			name = Debug;
		};
		C32A2CC4205E080C00AD9997 /* Release */ = {
			isa = XCBuildConfiguration;
			buildSettings = {
				ALWAYS_EMBED_SWIFT_STANDARD_LIBRARIES = YES;
				BUNDLE_LOADER = "$(TEST_HOST)";
				CODE_SIGN_STYLE = Automatic;
				INFOPLIST_FILE = SuperCoolTests/Info.plist;
				LD_RUNPATH_SEARCH_PATHS = "$(inherited) @executable_path/Frameworks @loader_path/Frameworks";
				PRODUCT_BUNDLE_IDENTIFIER = Tanner.SuperCoolTests;
				PRODUCT_NAME = "$(TARGET_NAME)";
				SWIFT_VERSION = 4.0;
				TARGETED_DEVICE_FAMILY = "1,2";
				TEST_HOST = "$(BUILT_PRODUCTS_DIR)/SuperCool.app/SuperCool";
			};
			name = Release;
		};
		C32A2CC6205E080C00AD9997 /* Debug */ = {
			isa = XCBuildConfiguration;
			buildSettings = {
				ALWAYS_EMBED_SWIFT_STANDARD_LIBRARIES = YES;
				CODE_SIGN_STYLE = Automatic;
				INFOPLIST_FILE = SuperCoolUITests/Info.plist;
				LD_RUNPATH_SEARCH_PATHS = "$(inherited) @executable_path/Frameworks @loader_path/Frameworks";
				PRODUCT_BUNDLE_IDENTIFIER = Tanner.SuperCoolUITests;
				PRODUCT_NAME = "$(TARGET_NAME)";
				SWIFT_VERSION = 4.0;
				TARGETED_DEVICE_FAMILY = "1,2";
				TEST_TARGET_NAME = SuperCool;
			};
			name = Debug;
		};
		C32A2CC7205E080C00AD9997 /* Release */ = {
			isa = XCBuildConfiguration;
			buildSettings = {
				ALWAYS_EMBED_SWIFT_STANDARD_LIBRARIES = YES;
				CODE_SIGN_STYLE = Automatic;
				INFOPLIST_FILE = SuperCoolUITests/Info.plist;
				LD_RUNPATH_SEARCH_PATHS = "$(inherited) @executable_path/Frameworks @loader_path/Frameworks";
				PRODUCT_BUNDLE_IDENTIFIER = Tanner.SuperCoolUITests;
				PRODUCT_NAME = "$(TARGET_NAME)";
				SWIFT_VERSION = 4.0;
				TARGETED_DEVICE_FAMILY = "1,2";
				TEST_TARGET_NAME = SuperCool;
			};
			name = Release;
		};
/* End XCBuildConfiguration section */

/* Begin XCConfigurationList section */
		C32A2C92205E080B00AD9997 /* Build configuration list for PBXProject "SuperCool" */ = {
			isa = XCConfigurationList;
			buildConfigurations = (
				C32A2CBD205E080C00AD9997 /* Debug */,
				C32A2CBE205E080C00AD9997 /* Release */,
			);
			defaultConfigurationIsVisible = 0;
			defaultConfigurationName = Release;
		};
		C32A2CBF205E080C00AD9997 /* Build configuration list for PBXNativeTarget "SuperCool" */ = {
			isa = XCConfigurationList;
			buildConfigurations = (
				C32A2CC0205E080C00AD9997 /* Debug */,
				C32A2CC1205E080C00AD9997 /* Release */,
			);
			defaultConfigurationIsVisible = 0;
			defaultConfigurationName = Release;
		};
		C32A2CC2205E080C00AD9997 /* Build configuration list for PBXNativeTarget "SuperCoolTests" */ = {
			isa = XCConfigurationList;
			buildConfigurations = (
				C32A2CC3205E080C00AD9997 /* Debug */,
				C32A2CC4205E080C00AD9997 /* Release */,
			);
			defaultConfigurationIsVisible = 0;
			defaultConfigurationName = Release;
		};
		C32A2CC5205E080C00AD9997 /* Build configuration list for PBXNativeTarget "SuperCoolUITests" */ = {
			isa = XCConfigurationList;
			buildConfigurations = (
				C32A2CC6205E080C00AD9997 /* Debug */,
				C32A2CC7205E080C00AD9997 /* Release */,
			);
			defaultConfigurationIsVisible = 0;
			defaultConfigurationName = Release;
		};
/* End XCConfigurationList section */
	};
	rootObject = C32A2C8F205E080B00AD9997 /* Project object */;
}
